# generated by rye
# use `rye lock` or `rye sync` to update this lockfile
#
# last locked with the following flags:
#   pre: false
#   features: []
#   all-features: false
#   with-sources: false

-e file:.
babel==2.14.0
    # via flask-babel
blinker==1.7.0
    # via flask
click==8.1.7
    # via flask
flask==3.0.2
    # via comp3030j
    # via flask-babel
    # via flask-sqlalchemy
    # via flask-wtf
flask-babel==4.0.0
    # via comp3030j
flask-sqlalchemy==3.1.1
    # via comp3030j
flask-wtf==1.2.1
    # via comp3030j
greenlet==3.0.3
    # via sqlalchemy
itsdangerous==2.1.2
    # via flask
    # via flask-wtf
jinja2==3.1.3
    # via flask
    # via flask-babel
markupsafe==2.1.5
    # via jinja2
    # via werkzeug
    # via wtforms
pytz==2024.1
    # via flask-babel
sqlalchemy==2.0.27
    # via flask-sqlalchemy
typing-extensions==4.10.0
    # via sqlalchemy
werkzeug==3.0.1
    # via flask
wtforms==3.1.2
    # via flask-wtf
